{
  "name": "barril",
  "version": "1.0.0",
  "lockfileVersion": 3,
  "requires": true,
  "packages": {
    "": {
      "name": "barril",
      "version": "1.0.0",
      "license": "MIT",
      "workspaces": [
        "apps/*"
      ]
    },
    "apps/laptop": {
      "version": "0.0.0",
      "extraneous": true,
      "dependencies": {
        "react": "^19.2.5",
        "react-dom": "^19.2.5",
        "socket.io-client": "^4.8.1"
      },
      "devDependencies": {
        "@eslint/js": "^10.0.1",
        "@types/react": "^19.2.14",
        "@types/react-dom": "^19.2.3",
        "@vitejs/plugin-react": "^6.0.1",
        "eslint": "^10.2.1",
        "eslint-plugin-react-hooks": "^7.1.1",
        "eslint-plugin-react-refresh": "^0.5.2",
        "globals": "^17.5.0",
        "vite": "^8.0.10"
      }
    },
    "apps/mobile": {
      "version": "0.0.0",
      "extraneous": true,
      "dependencies": {
        "@react-native-async-storage/async-storage": "^2.1.2",
        "expo": "^53.0.0",
        "expo-network": "^7.0.7",
        "react": "^19.2.5",
        "react-native": "^0.80.0",
        "socket.io-client": "^4.8.1"
      },
      "devDependencies": {
        "babel-preset-expo": "^13.1.0"
      }
    },
    "apps/server": {
      "version": "1.0.0",
      "extraneous": true,
      "dependencies": {
        "cors": "^2.8.5",
        "express": "^4.21.2",
        "nanoid": "^5.1.6",
        "socket.io": "^4.8.1",
        "sqlite3": "^5.1.7"
      }
    }
  }
}
